{
  "name": "node-oracle-docker-tester",
  "version": "1.0.0",
  "lockfileVersion": 2,
  "requires": true,
  "packages": {
    "": {
      "name": "node-oracle-docker-tester",
      "version": "1.0.0",
      "license": "MIT",
      "dependencies": {
        "oracledb": "^5.3.0"
      },
      "devDependencies": {
        "dotenv": "^16.0.1"
      }
    },
    "node_modules/dotenv": {
      "version": "16.0.1",
      "resolved": "https://registry.npmjs.org/dotenv/-/dotenv-16.0.1.tgz",
      "integrity": "sha512-1K6hR6wtk2FviQ4kEiSjFiH5rpzEVi8WW0x96aztHVMhEspNpc4DVOUTEHtEva5VThQ8IaBX1Pe4gSzpVVUsKQ==",
      "dev": true,
      "engines": {
        "node": ">=12"
      }
    },
    "node_modules/oracledb": {
      "version": "5.3.0",
      "resolved": "https://registry.npmjs.org/oracledb/-/oracledb-5.3.0.tgz",
      "integrity": "sha512-HMJzQ6lCf287ztvvehTEmjCWA21FQ3RMvM+mgoqd4i8pkREuqFWO+y3ovsGR9moJUg4T0xjcwS8rl4mggWPxmg==",
      "hasInstallScript": true,
      "engines": {
        "node": ">=10.16"
      }
    }
  },
  "dependencies": {
    "dotenv": {
      "version": "16.0.1",
      "resolved": "https://registry.npmjs.org/dotenv/-/dotenv-16.0.1.tgz",
      "integrity": "sha512-1K6hR6wtk2FviQ4kEiSjFiH5rpzEVi8WW0x96aztHVMhEspNpc4DVOUTEHtEva5VThQ8IaBX1Pe4gSzpVVUsKQ==",
      "dev": true
    },
    "oracledb": {
      "version": "5.3.0",
      "resolved": "https://registry.npmjs.org/oracledb/-/oracledb-5.3.0.tgz",
      "integrity": "sha512-HMJzQ6lCf287ztvvehTEmjCWA21FQ3RMvM+mgoqd4i8pkREuqFWO+y3ovsGR9moJUg4T0xjcwS8rl4mggWPxmg=="
    }
  }
}
